
Microsoft Visual Studio Solution File, Format Version 12.00
# Visual Studio Version 16
VisualStudioVersion = 16.0.29123.88
MinimumVisualStudioVersion = 10.0.40219.1
Project("{FAE04EC0-301F-11D3-BF4B-00C04F79EFBC}") = "Qiqqa", "Qiqqa\Qiqqa.csproj", "{B837C549-3CC9-4855-B698-B7E816C6652B}"
EndProject
Project("{FAE04EC0-301F-11D3-BF4B-00C04F79EFBC}") = "Utilities", "Utilities\Utilities.csproj", "{B0289358-E81C-4094-9DB1-F520F24D339B}"
EndProject
Project("{FAE04EC0-301F-11D3-BF4B-00C04F79EFBC}") = "icons", "icons\icons.csproj", "{85A0A46C-5068-4D2C-A799-5373EAED5028}"
EndProject
Project("{FAE04EC0-301F-11D3-BF4B-00C04F79EFBC}") = "libs", "libs\libs.csproj", "{F5C676ED-6D7F-4D2B-9C3A-9B2AE87B53E5}"
EndProject
Project("{FAE04EC0-301F-11D3-BF4B-00C04F79EFBC}") = "QiqqaOCR", "QiqqaOCR\QiqqaOCR.csproj", "{32C275F8-5235-485B-80B2-32270D415E85}"
EndProject
Project("{2150E333-8FDC-42A3-9474-1A3956D46DE8}") = "Solution Items", "Solution Items", "{19960EDF-B439-4ED5-AD0B-A08FDA6ECF3E}"
	ProjectSection(SolutionItems) = preProject
		build-installer.sh = build-installer.sh
		CHANGELOG.md = CHANGELOG.md
		CHANGELOG_full.md = CHANGELOG_full.md
		DEVELOPER-INFO.md = DEVELOPER-INFO.md
		LICENSE = LICENSE
		package.json = package.json
		Qiqqa.Build\QiqqaCodeAnalysisRules.ruleset = Qiqqa.Build\QiqqaCodeAnalysisRules.ruleset
		README.md = README.md
		superclean.sh = superclean.sh
		update_CHANGELOG.sh = update_CHANGELOG.sh
	EndProjectSection
EndProject
Project("{2150E333-8FDC-42A3-9474-1A3956D46DE8}") = "All XAML panels", "All XAML panels", "{AFB0BE7E-CE68-47B1-8E14-66A0DBC848A4}"
EndProject
Project("{FAE04EC0-301F-11D3-BF4B-00C04F79EFBC}") = "QiqqaVersionMigrator", "QiqqaVersionMigrator\QiqqaVersionMigrator.csproj", "{9F81A2C6-7CF9-4B27-9CB6-6F6FD0355C72}"
EndProject
Project("{FAE04EC0-301F-11D3-BF4B-00C04F79EFBC}") = "QiqqaToolBench", "QiqqaToolBench\QiqqaToolBench.csproj", "{C683A6F0-C645-4A09-8858-98E289D5AAAB}"
EndProject
Project("{FAE04EC0-301F-11D3-BF4B-00C04F79EFBC}") = "QiqqaPackager", "QiqqaPackager\QiqqaPackager.csproj", "{47AB8F63-DB41-4946-A506-BF93D24492EF}"
	ProjectSection(ProjectDependencies) = postProject
		{95F96533-6159-4BAF-8757-51B4F63FDE09} = {95F96533-6159-4BAF-8757-51B4F63FDE09}
		{B837C549-3CC9-4855-B698-B7E816C6652B} = {B837C549-3CC9-4855-B698-B7E816C6652B}
	EndProjectSection
EndProject
Project("{FAE04EC0-301F-11D3-BF4B-00C04F79EFBC}") = "QiqqaSystemTester", "QiqqaSystemTester\QiqqaSystemTester.csproj", "{6DE7789D-8AE8-42AB-992C-82399BB327AD}"
EndProject
Project("{FAE04EC0-301F-11D3-BF4B-00C04F79EFBC}") = "QiqqaTestHelpers", "QiqqaTestHelpers\QiqqaTestHelpers.csproj", "{5AD02BA6-4BC7-4265-81CD-EA39F67311EE}"
EndProject
Project("{FAE04EC0-301F-11D3-BF4B-00C04F79EFBC}") = "QiqqaUnitTester", "QiqqaUnitTester\QiqqaUnitTester.csproj", "{F64AFA9C-0DAC-4A3F-A64A-055891366D2C}"
EndProject
Project("{FAE04EC0-301F-11D3-BF4B-00C04F79EFBC}") = "ClickOnceUninstaller", "Qiqqa.Build\Packaging\ClickOnceUninstaller\ClickOnceUninstaller\ClickOnceUninstaller.csproj", "{95F96533-6159-4BAF-8757-51B4F63FDE09}"
EndProject
Project("{FAE04EC0-301F-11D3-BF4B-00C04F79EFBC}") = "QiqqaLegacyFileFormats", "QiqqaLegacyFileFormats\QiqqaLegacyFileFormats.csproj", "{022F424B-3E81-487D-990B-A4E664FF5F70}"
EndProject
Project("{FAE04EC0-301F-11D3-BF4B-00C04F79EFBC}") = "QiqqaUIPartsTester", "QiqqaUIPartsTester\QiqqaUIPartsTester.csproj", "{09BDCFA3-7067-4AE0-A40C-53A645C95A50}"
EndProject
Global
	GlobalSection(SolutionConfigurationPlatforms) = preSolution
		Debug|Any CPU = Debug|Any CPU
		Debug|Mixed Platforms = Debug|Mixed Platforms
		Debug|x86 = Debug|x86
		Release|Any CPU = Release|Any CPU
		Release|Mixed Platforms = Release|Mixed Platforms
		Release|x86 = Release|x86
		Release+SETUP|Any CPU = Release+SETUP|Any CPU
		Release+SETUP|Mixed Platforms = Release+SETUP|Mixed Platforms
		Release+SETUP|x86 = Release+SETUP|x86
	EndGlobalSection
	GlobalSection(ProjectConfigurationPlatforms) = postSolution
		{B837C549-3CC9-4855-B698-B7E816C6652B}.Debug|Any CPU.ActiveCfg = Debug|Any CPU
		{B837C549-3CC9-4855-B698-B7E816C6652B}.Debug|Any CPU.Build.0 = Debug|Any CPU
		{B837C549-3CC9-4855-B698-B7E816C6652B}.Debug|Mixed Platforms.ActiveCfg = Debug|Any CPU
		{B837C549-3CC9-4855-B698-B7E816C6652B}.Debug|Mixed Platforms.Build.0 = Debug|Any CPU
		{B837C549-3CC9-4855-B698-B7E816C6652B}.Debug|x86.ActiveCfg = Debug|Any CPU
		{B837C549-3CC9-4855-B698-B7E816C6652B}.Debug|x86.Build.0 = Debug|Any CPU
		{B837C549-3CC9-4855-B698-B7E816C6652B}.Release|Any CPU.ActiveCfg = Release|Any CPU
		{B837C549-3CC9-4855-B698-B7E816C6652B}.Release|Any CPU.Build.0 = Release|Any CPU
		{B837C549-3CC9-4855-B698-B7E816C6652B}.Release|Mixed Platforms.ActiveCfg = Release|Any CPU
		{B837C549-3CC9-4855-B698-B7E816C6652B}.Release|Mixed Platforms.Build.0 = Release|Any CPU
		{B837C549-3CC9-4855-B698-B7E816C6652B}.Release|x86.ActiveCfg = Release|Any CPU
		{B837C549-3CC9-4855-B698-B7E816C6652B}.Release+SETUP|Any CPU.ActiveCfg = Release|Any CPU
		{B837C549-3CC9-4855-B698-B7E816C6652B}.Release+SETUP|Any CPU.Build.0 = Release|Any CPU
		{B837C549-3CC9-4855-B698-B7E816C6652B}.Release+SETUP|Mixed Platforms.ActiveCfg = Release|Any CPU
		{B837C549-3CC9-4855-B698-B7E816C6652B}.Release+SETUP|Mixed Platforms.Build.0 = Release|Any CPU
		{B837C549-3CC9-4855-B698-B7E816C6652B}.Release+SETUP|x86.ActiveCfg = Release|Any CPU
		{B0289358-E81C-4094-9DB1-F520F24D339B}.Debug|Any CPU.ActiveCfg = Debug|Any CPU
		{B0289358-E81C-4094-9DB1-F520F24D339B}.Debug|Any CPU.Build.0 = Debug|Any CPU
		{B0289358-E81C-4094-9DB1-F520F24D339B}.Debug|Mixed Platforms.ActiveCfg = Debug|Any CPU
		{B0289358-E81C-4094-9DB1-F520F24D339B}.Debug|Mixed Platforms.Build.0 = Debug|Any CPU
		{B0289358-E81C-4094-9DB1-F520F24D339B}.Debug|x86.ActiveCfg = Debug|Any CPU
		{B0289358-E81C-4094-9DB1-F520F24D339B}.Debug|x86.Build.0 = Debug|Any CPU
		{B0289358-E81C-4094-9DB1-F520F24D339B}.Release|Any CPU.ActiveCfg = Release|Any CPU
		{B0289358-E81C-4094-9DB1-F520F24D339B}.Release|Any CPU.Build.0 = Release|Any CPU
		{B0289358-E81C-4094-9DB1-F520F24D339B}.Release|Mixed Platforms.ActiveCfg = Release|Any CPU
		{B0289358-E81C-4094-9DB1-F520F24D339B}.Release|Mixed Platforms.Build.0 = Release|Any CPU
		{B0289358-E81C-4094-9DB1-F520F24D339B}.Release|x86.ActiveCfg = Release|Any CPU
		{B0289358-E81C-4094-9DB1-F520F24D339B}.Release+SETUP|Any CPU.ActiveCfg = Release|Any CPU
		{B0289358-E81C-4094-9DB1-F520F24D339B}.Release+SETUP|Any CPU.Build.0 = Release|Any CPU
		{B0289358-E81C-4094-9DB1-F520F24D339B}.Release+SETUP|Mixed Platforms.ActiveCfg = Release|Any CPU
		{B0289358-E81C-4094-9DB1-F520F24D339B}.Release+SETUP|Mixed Platforms.Build.0 = Release|Any CPU
		{B0289358-E81C-4094-9DB1-F520F24D339B}.Release+SETUP|x86.ActiveCfg = Release|Any CPU
		{85A0A46C-5068-4D2C-A799-5373EAED5028}.Debug|Any CPU.ActiveCfg = Debug|Any CPU
		{85A0A46C-5068-4D2C-A799-5373EAED5028}.Debug|Any CPU.Build.0 = Debug|Any CPU
		{85A0A46C-5068-4D2C-A799-5373EAED5028}.Debug|Mixed Platforms.ActiveCfg = Debug|Any CPU
		{85A0A46C-5068-4D2C-A799-5373EAED5028}.Debug|Mixed Platforms.Build.0 = Debug|Any CPU
		{85A0A46C-5068-4D2C-A799-5373EAED5028}.Debug|x86.ActiveCfg = Debug|Any CPU
		{85A0A46C-5068-4D2C-A799-5373EAED5028}.Debug|x86.Build.0 = Debug|Any CPU
		{85A0A46C-5068-4D2C-A799-5373EAED5028}.Release|Any CPU.ActiveCfg = Release|Any CPU
		{85A0A46C-5068-4D2C-A799-5373EAED5028}.Release|Any CPU.Build.0 = Release|Any CPU
		{85A0A46C-5068-4D2C-A799-5373EAED5028}.Release|Mixed Platforms.ActiveCfg = Release|Any CPU
		{85A0A46C-5068-4D2C-A799-5373EAED5028}.Release|Mixed Platforms.Build.0 = Release|Any CPU
		{85A0A46C-5068-4D2C-A799-5373EAED5028}.Release|x86.ActiveCfg = Release|Any CPU
		{85A0A46C-5068-4D2C-A799-5373EAED5028}.Release+SETUP|Any CPU.ActiveCfg = Release|Any CPU
		{85A0A46C-5068-4D2C-A799-5373EAED5028}.Release+SETUP|Any CPU.Build.0 = Release|Any CPU
		{85A0A46C-5068-4D2C-A799-5373EAED5028}.Release+SETUP|Mixed Platforms.ActiveCfg = Release|Any CPU
		{85A0A46C-5068-4D2C-A799-5373EAED5028}.Release+SETUP|Mixed Platforms.Build.0 = Release|Any CPU
		{85A0A46C-5068-4D2C-A799-5373EAED5028}.Release+SETUP|x86.ActiveCfg = Release|Any CPU
		{F5C676ED-6D7F-4D2B-9C3A-9B2AE87B53E5}.Debug|Any CPU.ActiveCfg = Debug|Any CPU
		{F5C676ED-6D7F-4D2B-9C3A-9B2AE87B53E5}.Debug|Any CPU.Build.0 = Debug|Any CPU
		{F5C676ED-6D7F-4D2B-9C3A-9B2AE87B53E5}.Debug|Mixed Platforms.ActiveCfg = Debug|Any CPU
		{F5C676ED-6D7F-4D2B-9C3A-9B2AE87B53E5}.Debug|Mixed Platforms.Build.0 = Debug|Any CPU
		{F5C676ED-6D7F-4D2B-9C3A-9B2AE87B53E5}.Debug|x86.ActiveCfg = Debug|Any CPU
		{F5C676ED-6D7F-4D2B-9C3A-9B2AE87B53E5}.Debug|x86.Build.0 = Debug|Any CPU
		{F5C676ED-6D7F-4D2B-9C3A-9B2AE87B53E5}.Release|Any CPU.ActiveCfg = Release|Any CPU
		{F5C676ED-6D7F-4D2B-9C3A-9B2AE87B53E5}.Release|Any CPU.Build.0 = Release|Any CPU
		{F5C676ED-6D7F-4D2B-9C3A-9B2AE87B53E5}.Release|Mixed Platforms.ActiveCfg = Release|Any CPU
		{F5C676ED-6D7F-4D2B-9C3A-9B2AE87B53E5}.Release|Mixed Platforms.Build.0 = Release|Any CPU
		{F5C676ED-6D7F-4D2B-9C3A-9B2AE87B53E5}.Release|x86.ActiveCfg = Release|Any CPU
		{F5C676ED-6D7F-4D2B-9C3A-9B2AE87B53E5}.Release+SETUP|Any CPU.ActiveCfg = Release|Any CPU
		{F5C676ED-6D7F-4D2B-9C3A-9B2AE87B53E5}.Release+SETUP|Any CPU.Build.0 = Release|Any CPU
		{F5C676ED-6D7F-4D2B-9C3A-9B2AE87B53E5}.Release+SETUP|Mixed Platforms.ActiveCfg = Release|Any CPU
		{F5C676ED-6D7F-4D2B-9C3A-9B2AE87B53E5}.Release+SETUP|Mixed Platforms.Build.0 = Release|Any CPU
		{F5C676ED-6D7F-4D2B-9C3A-9B2AE87B53E5}.Release+SETUP|x86.ActiveCfg = Release|Any CPU
		{32C275F8-5235-485B-80B2-32270D415E85}.Debug|Any CPU.ActiveCfg = Debug|Any CPU
		{32C275F8-5235-485B-80B2-32270D415E85}.Debug|Any CPU.Build.0 = Debug|Any CPU
		{32C275F8-5235-485B-80B2-32270D415E85}.Debug|Mixed Platforms.ActiveCfg = Debug|Any CPU
		{32C275F8-5235-485B-80B2-32270D415E85}.Debug|Mixed Platforms.Build.0 = Debug|Any CPU
		{32C275F8-5235-485B-80B2-32270D415E85}.Debug|x86.ActiveCfg = Debug|Any CPU
		{32C275F8-5235-485B-80B2-32270D415E85}.Debug|x86.Build.0 = Debug|Any CPU
		{32C275F8-5235-485B-80B2-32270D415E85}.Release|Any CPU.ActiveCfg = Release|Any CPU
		{32C275F8-5235-485B-80B2-32270D415E85}.Release|Any CPU.Build.0 = Release|Any CPU
		{32C275F8-5235-485B-80B2-32270D415E85}.Release|Mixed Platforms.ActiveCfg = Release|Any CPU
		{32C275F8-5235-485B-80B2-32270D415E85}.Release|Mixed Platforms.Build.0 = Release|Any CPU
		{32C275F8-5235-485B-80B2-32270D415E85}.Release|x86.ActiveCfg = Release|Any CPU
		{32C275F8-5235-485B-80B2-32270D415E85}.Release+SETUP|Any CPU.ActiveCfg = Release|Any CPU
		{32C275F8-5235-485B-80B2-32270D415E85}.Release+SETUP|Any CPU.Build.0 = Release|Any CPU
		{32C275F8-5235-485B-80B2-32270D415E85}.Release+SETUP|Mixed Platforms.ActiveCfg = Release|Any CPU
		{32C275F8-5235-485B-80B2-32270D415E85}.Release+SETUP|Mixed Platforms.Build.0 = Release|Any CPU
		{32C275F8-5235-485B-80B2-32270D415E85}.Release+SETUP|x86.ActiveCfg = Release|Any CPU
		{9F81A2C6-7CF9-4B27-9CB6-6F6FD0355C72}.Debug|Any CPU.ActiveCfg = Debug|Any CPU
		{9F81A2C6-7CF9-4B27-9CB6-6F6FD0355C72}.Debug|Any CPU.Build.0 = Debug|Any CPU
		{9F81A2C6-7CF9-4B27-9CB6-6F6FD0355C72}.Debug|Mixed Platforms.ActiveCfg = Debug|Any CPU
		{9F81A2C6-7CF9-4B27-9CB6-6F6FD0355C72}.Debug|Mixed Platforms.Build.0 = Debug|Any CPU
		{9F81A2C6-7CF9-4B27-9CB6-6F6FD0355C72}.Debug|x86.ActiveCfg = Debug|Any CPU
		{9F81A2C6-7CF9-4B27-9CB6-6F6FD0355C72}.Debug|x86.Build.0 = Debug|Any CPU
		{9F81A2C6-7CF9-4B27-9CB6-6F6FD0355C72}.Release|Any CPU.ActiveCfg = Release|Any CPU
		{9F81A2C6-7CF9-4B27-9CB6-6F6FD0355C72}.Release|Any CPU.Build.0 = Release|Any CPU
		{9F81A2C6-7CF9-4B27-9CB6-6F6FD0355C72}.Release|Mixed Platforms.ActiveCfg = Release|Any CPU
		{9F81A2C6-7CF9-4B27-9CB6-6F6FD0355C72}.Release|Mixed Platforms.Build.0 = Release|Any CPU
		{9F81A2C6-7CF9-4B27-9CB6-6F6FD0355C72}.Release|x86.ActiveCfg = Release|Any CPU
		{9F81A2C6-7CF9-4B27-9CB6-6F6FD0355C72}.Release|x86.Build.0 = Release|Any CPU
		{9F81A2C6-7CF9-4B27-9CB6-6F6FD0355C72}.Release+SETUP|Any CPU.ActiveCfg = Release|Any CPU
		{9F81A2C6-7CF9-4B27-9CB6-6F6FD0355C72}.Release+SETUP|Any CPU.Build.0 = Release|Any CPU
		{9F81A2C6-7CF9-4B27-9CB6-6F6FD0355C72}.Release+SETUP|Mixed Platforms.ActiveCfg = Release|Any CPU
		{9F81A2C6-7CF9-4B27-9CB6-6F6FD0355C72}.Release+SETUP|Mixed Platforms.Build.0 = Release|Any CPU
		{9F81A2C6-7CF9-4B27-9CB6-6F6FD0355C72}.Release+SETUP|x86.ActiveCfg = Release|Any CPU
		{9F81A2C6-7CF9-4B27-9CB6-6F6FD0355C72}.Release+SETUP|x86.Build.0 = Release|Any CPU
		{C683A6F0-C645-4A09-8858-98E289D5AAAB}.Debug|Any CPU.ActiveCfg = Debug|Any CPU
		{C683A6F0-C645-4A09-8858-98E289D5AAAB}.Debug|Any CPU.Build.0 = Debug|Any CPU
		{C683A6F0-C645-4A09-8858-98E289D5AAAB}.Debug|Mixed Platforms.ActiveCfg = Debug|Any CPU
		{C683A6F0-C645-4A09-8858-98E289D5AAAB}.Debug|Mixed Platforms.Build.0 = Debug|Any CPU
		{C683A6F0-C645-4A09-8858-98E289D5AAAB}.Debug|x86.ActiveCfg = Debug|Any CPU
		{C683A6F0-C645-4A09-8858-98E289D5AAAB}.Debug|x86.Build.0 = Debug|Any CPU
		{C683A6F0-C645-4A09-8858-98E289D5AAAB}.Release|Any CPU.ActiveCfg = Release|Any CPU
		{C683A6F0-C645-4A09-8858-98E289D5AAAB}.Release|Any CPU.Build.0 = Release|Any CPU
		{C683A6F0-C645-4A09-8858-98E289D5AAAB}.Release|Mixed Platforms.ActiveCfg = Release|Any CPU
		{C683A6F0-C645-4A09-8858-98E289D5AAAB}.Release|Mixed Platforms.Build.0 = Release|Any CPU
		{C683A6F0-C645-4A09-8858-98E289D5AAAB}.Release|x86.ActiveCfg = Release|Any CPU
		{C683A6F0-C645-4A09-8858-98E289D5AAAB}.Release|x86.Build.0 = Release|Any CPU
		{C683A6F0-C645-4A09-8858-98E289D5AAAB}.Release+SETUP|Any CPU.ActiveCfg = Release|Any CPU
		{C683A6F0-C645-4A09-8858-98E289D5AAAB}.Release+SETUP|Any CPU.Build.0 = Release|Any CPU
		{C683A6F0-C645-4A09-8858-98E289D5AAAB}.Release+SETUP|Mixed Platforms.ActiveCfg = Release|Any CPU
		{C683A6F0-C645-4A09-8858-98E289D5AAAB}.Release+SETUP|Mixed Platforms.Build.0 = Release|Any CPU
		{C683A6F0-C645-4A09-8858-98E289D5AAAB}.Release+SETUP|x86.ActiveCfg = Release|Any CPU
		{C683A6F0-C645-4A09-8858-98E289D5AAAB}.Release+SETUP|x86.Build.0 = Release|Any CPU
		{47AB8F63-DB41-4946-A506-BF93D24492EF}.Debug|Any CPU.ActiveCfg = Debug|Any CPU
		{47AB8F63-DB41-4946-A506-BF93D24492EF}.Debug|Mixed Platforms.ActiveCfg = Debug|Any CPU
		{47AB8F63-DB41-4946-A506-BF93D24492EF}.Debug|x86.ActiveCfg = Debug|Any CPU
		{47AB8F63-DB41-4946-A506-BF93D24492EF}.Release|Any CPU.ActiveCfg = Release|Any CPU
		{47AB8F63-DB41-4946-A506-BF93D24492EF}.Release|Mixed Platforms.ActiveCfg = Release|Any CPU
		{47AB8F63-DB41-4946-A506-BF93D24492EF}.Release|x86.ActiveCfg = Release|Any CPU
		{47AB8F63-DB41-4946-A506-BF93D24492EF}.Release|x86.Build.0 = Release|Any CPU
		{47AB8F63-DB41-4946-A506-BF93D24492EF}.Release+SETUP|Any CPU.ActiveCfg = Release|Any CPU
		{47AB8F63-DB41-4946-A506-BF93D24492EF}.Release+SETUP|Any CPU.Build.0 = Release|Any CPU
		{47AB8F63-DB41-4946-A506-BF93D24492EF}.Release+SETUP|Mixed Platforms.ActiveCfg = Release|Any CPU
		{47AB8F63-DB41-4946-A506-BF93D24492EF}.Release+SETUP|Mixed Platforms.Build.0 = Release|Any CPU
		{47AB8F63-DB41-4946-A506-BF93D24492EF}.Release+SETUP|x86.ActiveCfg = Release|Any CPU
		{47AB8F63-DB41-4946-A506-BF93D24492EF}.Release+SETUP|x86.Build.0 = Release|Any CPU
		{6DE7789D-8AE8-42AB-992C-82399BB327AD}.Debug|Any CPU.ActiveCfg = Debug|Any CPU
		{6DE7789D-8AE8-42AB-992C-82399BB327AD}.Debug|Any CPU.Build.0 = Debug|Any CPU
		{6DE7789D-8AE8-42AB-992C-82399BB327AD}.Debug|Mixed Platforms.ActiveCfg = Debug|Any CPU
		{6DE7789D-8AE8-42AB-992C-82399BB327AD}.Debug|Mixed Platforms.Build.0 = Debug|Any CPU
		{6DE7789D-8AE8-42AB-992C-82399BB327AD}.Debug|x86.ActiveCfg = Debug|Any CPU
		{6DE7789D-8AE8-42AB-992C-82399BB327AD}.Debug|x86.Build.0 = Debug|Any CPU
		{6DE7789D-8AE8-42AB-992C-82399BB327AD}.Release|Any CPU.ActiveCfg = Release|Any CPU
		{6DE7789D-8AE8-42AB-992C-82399BB327AD}.Release|Any CPU.Build.0 = Release|Any CPU
		{6DE7789D-8AE8-42AB-992C-82399BB327AD}.Release|Mixed Platforms.ActiveCfg = Release|Any CPU
		{6DE7789D-8AE8-42AB-992C-82399BB327AD}.Release|Mixed Platforms.Build.0 = Release|Any CPU
		{6DE7789D-8AE8-42AB-992C-82399BB327AD}.Release|x86.ActiveCfg = Release|Any CPU
		{6DE7789D-8AE8-42AB-992C-82399BB327AD}.Release|x86.Build.0 = Release|Any CPU
		{6DE7789D-8AE8-42AB-992C-82399BB327AD}.Release+SETUP|Any CPU.ActiveCfg = Release|Any CPU
		{6DE7789D-8AE8-42AB-992C-82399BB327AD}.Release+SETUP|Any CPU.Build.0 = Release|Any CPU
		{6DE7789D-8AE8-42AB-992C-82399BB327AD}.Release+SETUP|Mixed Platforms.ActiveCfg = Release|Any CPU
		{6DE7789D-8AE8-42AB-992C-82399BB327AD}.Release+SETUP|Mixed Platforms.Build.0 = Release|Any CPU
		{6DE7789D-8AE8-42AB-992C-82399BB327AD}.Release+SETUP|x86.ActiveCfg = Release|Any CPU
		{6DE7789D-8AE8-42AB-992C-82399BB327AD}.Release+SETUP|x86.Build.0 = Release|Any CPU
		{5AD02BA6-4BC7-4265-81CD-EA39F67311EE}.Debug|Any CPU.ActiveCfg = Debug|Any CPU
		{5AD02BA6-4BC7-4265-81CD-EA39F67311EE}.Debug|Any CPU.Build.0 = Debug|Any CPU
		{5AD02BA6-4BC7-4265-81CD-EA39F67311EE}.Debug|Mixed Platforms.ActiveCfg = Debug|Any CPU
		{5AD02BA6-4BC7-4265-81CD-EA39F67311EE}.Debug|Mixed Platforms.Build.0 = Debug|Any CPU
		{5AD02BA6-4BC7-4265-81CD-EA39F67311EE}.Debug|x86.ActiveCfg = Debug|Any CPU
		{5AD02BA6-4BC7-4265-81CD-EA39F67311EE}.Debug|x86.Build.0 = Debug|Any CPU
		{5AD02BA6-4BC7-4265-81CD-EA39F67311EE}.Release|Any CPU.ActiveCfg = Release|Any CPU
		{5AD02BA6-4BC7-4265-81CD-EA39F67311EE}.Release|Any CPU.Build.0 = Release|Any CPU
		{5AD02BA6-4BC7-4265-81CD-EA39F67311EE}.Release|Mixed Platforms.ActiveCfg = Release|Any CPU
		{5AD02BA6-4BC7-4265-81CD-EA39F67311EE}.Release|Mixed Platforms.Build.0 = Release|Any CPU
		{5AD02BA6-4BC7-4265-81CD-EA39F67311EE}.Release|x86.ActiveCfg = Release|Any CPU
		{5AD02BA6-4BC7-4265-81CD-EA39F67311EE}.Release|x86.Build.0 = Release|Any CPU
		{5AD02BA6-4BC7-4265-81CD-EA39F67311EE}.Release+SETUP|Any CPU.ActiveCfg = Release|Any CPU
		{5AD02BA6-4BC7-4265-81CD-EA39F67311EE}.Release+SETUP|Any CPU.Build.0 = Release|Any CPU
		{5AD02BA6-4BC7-4265-81CD-EA39F67311EE}.Release+SETUP|Mixed Platforms.ActiveCfg = Release|Any CPU
		{5AD02BA6-4BC7-4265-81CD-EA39F67311EE}.Release+SETUP|Mixed Platforms.Build.0 = Release|Any CPU
		{5AD02BA6-4BC7-4265-81CD-EA39F67311EE}.Release+SETUP|x86.ActiveCfg = Release|Any CPU
		{5AD02BA6-4BC7-4265-81CD-EA39F67311EE}.Release+SETUP|x86.Build.0 = Release|Any CPU
		{F64AFA9C-0DAC-4A3F-A64A-055891366D2C}.Debug|Any CPU.ActiveCfg = Debug|Any CPU
		{F64AFA9C-0DAC-4A3F-A64A-055891366D2C}.Debug|Any CPU.Build.0 = Debug|Any CPU
		{F64AFA9C-0DAC-4A3F-A64A-055891366D2C}.Debug|Mixed Platforms.ActiveCfg = Debug|Any CPU
		{F64AFA9C-0DAC-4A3F-A64A-055891366D2C}.Debug|Mixed Platforms.Build.0 = Debug|Any CPU
		{F64AFA9C-0DAC-4A3F-A64A-055891366D2C}.Debug|x86.ActiveCfg = Debug|Any CPU
		{F64AFA9C-0DAC-4A3F-A64A-055891366D2C}.Debug|x86.Build.0 = Debug|Any CPU
		{F64AFA9C-0DAC-4A3F-A64A-055891366D2C}.Release|Any CPU.ActiveCfg = Release|Any CPU
		{F64AFA9C-0DAC-4A3F-A64A-055891366D2C}.Release|Any CPU.Build.0 = Release|Any CPU
		{F64AFA9C-0DAC-4A3F-A64A-055891366D2C}.Release|Mixed Platforms.ActiveCfg = Release|Any CPU
		{F64AFA9C-0DAC-4A3F-A64A-055891366D2C}.Release|Mixed Platforms.Build.0 = Release|Any CPU
		{F64AFA9C-0DAC-4A3F-A64A-055891366D2C}.Release|x86.ActiveCfg = Release|Any CPU
		{F64AFA9C-0DAC-4A3F-A64A-055891366D2C}.Release|x86.Build.0 = Release|Any CPU
		{F64AFA9C-0DAC-4A3F-A64A-055891366D2C}.Release+SETUP|Any CPU.ActiveCfg = Release|Any CPU
		{F64AFA9C-0DAC-4A3F-A64A-055891366D2C}.Release+SETUP|Any CPU.Build.0 = Release|Any CPU
		{F64AFA9C-0DAC-4A3F-A64A-055891366D2C}.Release+SETUP|Mixed Platforms.ActiveCfg = Release|Any CPU
		{F64AFA9C-0DAC-4A3F-A64A-055891366D2C}.Release+SETUP|Mixed Platforms.Build.0 = Release|Any CPU
		{F64AFA9C-0DAC-4A3F-A64A-055891366D2C}.Release+SETUP|x86.ActiveCfg = Release|Any CPU
		{F64AFA9C-0DAC-4A3F-A64A-055891366D2C}.Release+SETUP|x86.Build.0 = Release|Any CPU
		{95F96533-6159-4BAF-8757-51B4F63FDE09}.Debug|Any CPU.ActiveCfg = Debug|x86
		{95F96533-6159-4BAF-8757-51B4F63FDE09}.Debug|Mixed Platforms.ActiveCfg = Debug|x86
		{95F96533-6159-4BAF-8757-51B4F63FDE09}.Debug|x86.ActiveCfg = Debug|x86
		{95F96533-6159-4BAF-8757-51B4F63FDE09}.Debug|x86.Build.0 = Debug|x86
		{95F96533-6159-4BAF-8757-51B4F63FDE09}.Release|Any CPU.ActiveCfg = Release|x86
		{95F96533-6159-4BAF-8757-51B4F63FDE09}.Release|Mixed Platforms.ActiveCfg = Release|x86
		{95F96533-6159-4BAF-8757-51B4F63FDE09}.Release|x86.ActiveCfg = Release|x86
		{95F96533-6159-4BAF-8757-51B4F63FDE09}.Release|x86.Build.0 = Release|x86
		{95F96533-6159-4BAF-8757-51B4F63FDE09}.Release+SETUP|Any CPU.ActiveCfg = Release|x86
		{95F96533-6159-4BAF-8757-51B4F63FDE09}.Release+SETUP|Any CPU.Build.0 = Release|x86
		{95F96533-6159-4BAF-8757-51B4F63FDE09}.Release+SETUP|Mixed Platforms.ActiveCfg = Release|x86
		{95F96533-6159-4BAF-8757-51B4F63FDE09}.Release+SETUP|Mixed Platforms.Build.0 = Release|x86
		{95F96533-6159-4BAF-8757-51B4F63FDE09}.Release+SETUP|x86.ActiveCfg = Release|x86
		{95F96533-6159-4BAF-8757-51B4F63FDE09}.Release+SETUP|x86.Build.0 = Release|x86
		{022F424B-3E81-487D-990B-A4E664FF5F70}.Debug|Any CPU.ActiveCfg = Debug|Any CPU
		{022F424B-3E81-487D-990B-A4E664FF5F70}.Debug|Any CPU.Build.0 = Debug|Any CPU
		{022F424B-3E81-487D-990B-A4E664FF5F70}.Debug|Mixed Platforms.ActiveCfg = Debug|Any CPU
		{022F424B-3E81-487D-990B-A4E664FF5F70}.Debug|Mixed Platforms.Build.0 = Debug|Any CPU
		{022F424B-3E81-487D-990B-A4E664FF5F70}.Debug|x86.ActiveCfg = Debug|Any CPU
		{022F424B-3E81-487D-990B-A4E664FF5F70}.Debug|x86.Build.0 = Debug|Any CPU
		{022F424B-3E81-487D-990B-A4E664FF5F70}.Release|Any CPU.ActiveCfg = Release|Any CPU
		{022F424B-3E81-487D-990B-A4E664FF5F70}.Release|Any CPU.Build.0 = Release|Any CPU
		{022F424B-3E81-487D-990B-A4E664FF5F70}.Release|Mixed Platforms.ActiveCfg = Release|Any CPU
		{022F424B-3E81-487D-990B-A4E664FF5F70}.Release|Mixed Platforms.Build.0 = Release|Any CPU
		{022F424B-3E81-487D-990B-A4E664FF5F70}.Release|x86.ActiveCfg = Release|Any CPU
		{022F424B-3E81-487D-990B-A4E664FF5F70}.Release|x86.Build.0 = Release|Any CPU
		{022F424B-3E81-487D-990B-A4E664FF5F70}.Release+SETUP|Any CPU.ActiveCfg = Release|Any CPU
		{022F424B-3E81-487D-990B-A4E664FF5F70}.Release+SETUP|Any CPU.Build.0 = Release|Any CPU
		{022F424B-3E81-487D-990B-A4E664FF5F70}.Release+SETUP|Mixed Platforms.ActiveCfg = Release|Any CPU
		{022F424B-3E81-487D-990B-A4E664FF5F70}.Release+SETUP|Mixed Platforms.Build.0 = Release|Any CPU
		{022F424B-3E81-487D-990B-A4E664FF5F70}.Release+SETUP|x86.ActiveCfg = Release|Any CPU
		{022F424B-3E81-487D-990B-A4E664FF5F70}.Release+SETUP|x86.Build.0 = Release|Any CPU
		{09BDCFA3-7067-4AE0-A40C-53A645C95A50}.Debug|Any CPU.ActiveCfg = Debug|Any CPU
		{09BDCFA3-7067-4AE0-A40C-53A645C95A50}.Debug|Any CPU.Build.0 = Debug|Any CPU
		{09BDCFA3-7067-4AE0-A40C-53A645C95A50}.Debug|Mixed Platforms.ActiveCfg = Debug|Any CPU
		{09BDCFA3-7067-4AE0-A40C-53A645C95A50}.Debug|Mixed Platforms.Build.0 = Debug|Any CPU
		{09BDCFA3-7067-4AE0-A40C-53A645C95A50}.Debug|x86.ActiveCfg = Debug|Any CPU
		{09BDCFA3-7067-4AE0-A40C-53A645C95A50}.Debug|x86.Build.0 = Debug|Any CPU
		{09BDCFA3-7067-4AE0-A40C-53A645C95A50}.Release|Any CPU.ActiveCfg = Release|Any CPU
		{09BDCFA3-7067-4AE0-A40C-53A645C95A50}.Release|Any CPU.Build.0 = Release|Any CPU
		{09BDCFA3-7067-4AE0-A40C-53A645C95A50}.Release|Mixed Platforms.ActiveCfg = Release|Any CPU
		{09BDCFA3-7067-4AE0-A40C-53A645C95A50}.Release|Mixed Platforms.Build.0 = Release|Any CPU
		{09BDCFA3-7067-4AE0-A40C-53A645C95A50}.Release|x86.ActiveCfg = Release|Any CPU
		{09BDCFA3-7067-4AE0-A40C-53A645C95A50}.Release|x86.Build.0 = Release|Any CPU
		{09BDCFA3-7067-4AE0-A40C-53A645C95A50}.Release+SETUP|Any CPU.ActiveCfg = Release|Any CPU
		{09BDCFA3-7067-4AE0-A40C-53A645C95A50}.Release+SETUP|Any CPU.Build.0 = Release|Any CPU
		{09BDCFA3-7067-4AE0-A40C-53A645C95A50}.Release+SETUP|Mixed Platforms.ActiveCfg = Release|Any CPU
		{09BDCFA3-7067-4AE0-A40C-53A645C95A50}.Release+SETUP|Mixed Platforms.Build.0 = Release|Any CPU
		{09BDCFA3-7067-4AE0-A40C-53A645C95A50}.Release+SETUP|x86.ActiveCfg = Release|Any CPU
		{09BDCFA3-7067-4AE0-A40C-53A645C95A50}.Release+SETUP|x86.Build.0 = Release|Any CPU
	EndGlobalSection
	GlobalSection(SolutionProperties) = preSolution
		HideSolutionNode = FALSE
	EndGlobalSection
	GlobalSection(NestedProjects) = preSolution
		{AFB0BE7E-CE68-47B1-8E14-66A0DBC848A4} = {19960EDF-B439-4ED5-AD0B-A08FDA6ECF3E}
	EndGlobalSection
	GlobalSection(ExtensibilityGlobals) = postSolution
		SolutionGuid = {1053AC46-6C10-40DE-8F81-A31A1C28ACDC}
	EndGlobalSection
EndGlobal
